{
  "name": "@vue/compiler-core",
  "version": "3.0.0-beta.14",
  "lockfileVersion": 1,
  "requires": true,
  "dependencies": {
    "@babel/helper-validator-identifier": {
      "version": "7.10.1",
      "resolved": "https://registry.npm.taobao.org/@babel/helper-validator-identifier/download/@babel/helper-validator-identifier-7.10.1.tgz?cache=0&sync_timestamp=1590617286975&other_urls=https%3A%2F%2Fregistry.npm.taobao.org%2F%40babel%2Fhelper-validator-identifier%2Fdownload%2F%40babel%2Fhelper-validator-identifier-7.10.1.tgz",
      "integrity": "sha1-V3CwwagmxPU/Xt5eFTFj4DGOlLU="
    },
    "@babel/parser": {
      "version": "7.10.2",
      "resolved": "https://registry.npm.taobao.org/@babel/parser/download/@babel/parser-7.10.2.tgz?cache=0&sync_timestamp=1590869015720&other_urls=https%3A%2F%2Fregistry.npm.taobao.org%2F%40babel%2Fparser%2Fdownload%2F%40babel%2Fparser-7.10.2.tgz",
      "integrity": "sha1-hxgH8QRCuS/5fkeDubVPagyoEtA="
    },
    "@babel/types": {
      "version": "7.10.2",
      "resolved": "https://registry.npm.taobao.org/@babel/types/download/@babel/types-7.10.2.tgz?cache=0&other_urls=https%3A%2F%2Fregistry.npm.taobao.org%2F%40babel%2Ftypes%2Fdownload%2F%40babel%2Ftypes-7.10.2.tgz",
      "integrity": "sha1-MCg74xytDb9vsAvUBkHKDqZ1Fy0=",
      "requires": {
        "@babel/helper-validator-identifier": "^7.10.1",
        "lodash": "^4.17.13",
        "to-fast-properties": "^2.0.0"
      }
    },
    "@vue/shared": {
      "version": "3.0.0-beta.14",
      "resolved": "https://registry.npm.taobao.org/@vue/shared/download/@vue/shared-3.0.0-beta.14.tgz",
      "integrity": "sha1-iGr+XCM6WyVcGGFCMkxA8RSVivU="
    },
    "estree-walker": {
      "version": "0.8.1",
      "resolved": "https://registry.npm.taobao.org/estree-walker/download/estree-walker-0.8.1.tgz",
      "integrity": "sha1-YjDOLsmlywOIivyvKV+X2QqlK3k="
    },
    "lodash": {
      "version": "4.17.15",
      "resolved": "https://registry.npm.taobao.org/lodash/download/lodash-4.17.15.tgz",
      "integrity": "sha1-tEf2ZwoEVbv+7dETku/zMOoJdUg="
    },
    "source-map": {
      "version": "0.6.1",
      "resolved": "https://registry.npm.taobao.org/source-map/download/source-map-0.6.1.tgz",
      "integrity": "sha1-dHIq8y6WFOnCh6jQu95IteLxomM="
    },
    "to-fast-properties": {
      "version": "2.0.0",
      "resolved": "https://registry.npm.taobao.org/to-fast-properties/download/to-fast-properties-2.0.0.tgz?cache=0&sync_timestamp=1580550296062&other_urls=https%3A%2F%2Fregistry.npm.taobao.org%2Fto-fast-properties%2Fdownload%2Fto-fast-properties-2.0.0.tgz",
      "integrity": "sha1-3F5pjL0HkmW8c+A3doGk5Og/YW4="
    }
  }
}
